// !$*UTF8*$!
{
	archiveVersion = 1;
	classes = {
	};
	objectVersion = 50;
	objects = {

/* Begin PBXBuildFile section */
		8F3F7982267922D4000B852F /* AppDelegate.m in Sources */ = {isa = PBXBuildFile; fileRef = 8F3F7981267922D4000B852F /* AppDelegate.m */; };
		8F3F7985267922D4000B852F /* SceneDelegate.m in Sources */ = {isa = PBXBuildFile; fileRef = 8F3F7984267922D4000B852F /* SceneDelegate.m */; };
		8F3F7988267922D4000B852F /* MainViewController.m in Sources */ = {isa = PBXBuildFile; fileRef = 8F3F7987267922D4000B852F /* MainViewController.m */; };
		8F3F798D267922D8000B852F /* Assets.xcassets in Resources */ = {isa = PBXBuildFile; fileRef = 8F3F798C267922D8000B852F /* Assets.xcassets */; };
		8F3F7990267922D8000B852F /* LaunchScreen.storyboard in Resources */ = {isa = PBXBuildFile; fileRef = 8F3F798E267922D8000B852F /* LaunchScreen.storyboard */; };
		8F3F7993267922D8000B852F /* main.m in Sources */ = {isa = PBXBuildFile; fileRef = 8F3F7992267922D8000B852F /* main.m */; };
		8F3F799E26792514000B852F /* Country.m in Sources */ = {isa = PBXBuildFile; fileRef = 8F3F799D26792514000B852F /* Country.m */; };
		8F3F79A1267926DC000B852F /* City.m in Sources */ = {isa = PBXBuildFile; fileRef = 8F3F79A0267926DC000B852F /* City.m */; };
		8F3F79A426792A9A000B852F /* Airport.m in Sources */ = {isa = PBXBuildFile; fileRef = 8F3F79A326792A9A000B852F /* Airport.m */; };
		8F3F79A726792C7A000B852F /* DataManager.m in Sources */ = {isa = PBXBuildFile; fileRef = 8F3F79A626792C7A000B852F /* DataManager.m */; };
		8F3F79AD26793DD8000B852F /* cities.json in Resources */ = {isa = PBXBuildFile; fileRef = 8F3F79AA26793DD8000B852F /* cities.json */; };
		8F3F79AE26793DD8000B852F /* countries.json in Resources */ = {isa = PBXBuildFile; fileRef = 8F3F79AB26793DD8000B852F /* countries.json */; };
		8F3F79AF26793DD8000B852F /* airports.json in Resources */ = {isa = PBXBuildFile; fileRef = 8F3F79AC26793DD8000B852F /* airports.json */; };
/* End PBXBuildFile section */

/* Begin PBXFileReference section */
		8F3F797D267922D4000B852F /* AirPortG5.app */ = {isa = PBXFileReference; explicitFileType = wrapper.application; includeInIndex = 0; path = AirPortG5.app; sourceTree = BUILT_PRODUCTS_DIR; };
		8F3F7980267922D4000B852F /* AppDelegate.h */ = {isa = PBXFileReference; lastKnownFileType = sourcecode.c.h; path = AppDelegate.h; sourceTree = "<group>"; };
		8F3F7981267922D4000B852F /* AppDelegate.m */ = {isa = PBXFileReference; lastKnownFileType = sourcecode.c.objc; path = AppDelegate.m; sourceTree = "<group>"; };
		8F3F7983267922D4000B852F /* SceneDelegate.h */ = {isa = PBXFileReference; lastKnownFileType = sourcecode.c.h; path = SceneDelegate.h; sourceTree = "<group>"; };
		8F3F7984267922D4000B852F /* SceneDelegate.m */ = {isa = PBXFileReference; lastKnownFileType = sourcecode.c.objc; path = SceneDelegate.m; sourceTree = "<group>"; };
		8F3F7986267922D4000B852F /* MainViewController.h */ = {isa = PBXFileReference; lastKnownFileType = sourcecode.c.h; path = MainViewController.h; sourceTree = "<group>"; };
		8F3F7987267922D4000B852F /* MainViewController.m */ = {isa = PBXFileReference; lastKnownFileType = sourcecode.c.objc; path = MainViewController.m; sourceTree = "<group>"; };
		8F3F798C267922D8000B852F /* Assets.xcassets */ = {isa = PBXFileReference; lastKnownFileType = folder.assetcatalog; path = Assets.xcassets; sourceTree = "<group>"; };
		8F3F798F267922D8000B852F /* Base */ = {isa = PBXFileReference; lastKnownFileType = file.storyboard; name = Base; path = Base.lproj/LaunchScreen.storyboard; sourceTree = "<group>"; };
		8F3F7991267922D8000B852F /* Info.plist */ = {isa = PBXFileReference; lastKnownFileType = text.plist.xml; path = Info.plist; sourceTree = "<group>"; };
		8F3F7992267922D8000B852F /* main.m */ = {isa = PBXFileReference; lastKnownFileType = sourcecode.c.objc; path = main.m; sourceTree = "<group>"; };
		8F3F799C26792514000B852F /* Country.h */ = {isa = PBXFileReference; lastKnownFileType = sourcecode.c.h; path = Country.h; sourceTree = "<group>"; };
		8F3F799D26792514000B852F /* Country.m */ = {isa = PBXFileReference; lastKnownFileType = sourcecode.c.objc; path = Country.m; sourceTree = "<group>"; };
		8F3F799F267926DC000B852F /* City.h */ = {isa = PBXFileReference; lastKnownFileType = sourcecode.c.h; path = City.h; sourceTree = "<group>"; };
		8F3F79A0267926DC000B852F /* City.m */ = {isa = PBXFileReference; lastKnownFileType = sourcecode.c.objc; path = City.m; sourceTree = "<group>"; };
		8F3F79A226792A9A000B852F /* Airport.h */ = {isa = PBXFileReference; lastKnownFileType = sourcecode.c.h; path = Airport.h; sourceTree = "<group>"; };
		8F3F79A326792A9A000B852F /* Airport.m */ = {isa = PBXFileReference; lastKnownFileType = sourcecode.c.objc; path = Airport.m; sourceTree = "<group>"; };
		8F3F79A526792C7A000B852F /* DataManager.h */ = {isa = PBXFileReference; lastKnownFileType = sourcecode.c.h; path = DataManager.h; sourceTree = "<group>"; };
		8F3F79A626792C7A000B852F /* DataManager.m */ = {isa = PBXFileReference; lastKnownFileType = sourcecode.c.objc; path = DataManager.m; sourceTree = "<group>"; };
		8F3F79AA26793DD8000B852F /* cities.json */ = {isa = PBXFileReference; fileEncoding = 4; lastKnownFileType = text.json; name = cities.json; path = JSON/cities.json; sourceTree = "<group>"; };
		8F3F79AB26793DD8000B852F /* countries.json */ = {isa = PBXFileReference; fileEncoding = 4; lastKnownFileType = text.json; name = countries.json; path = JSON/countries.json; sourceTree = "<group>"; };
		8F3F79AC26793DD8000B852F /* airports.json */ = {isa = PBXFileReference; fileEncoding = 4; lastKnownFileType = text.json; name = airports.json; path = JSON/airports.json; sourceTree = "<group>"; };
/* End PBXFileReference section */

/* Begin PBXFrameworksBuildPhase section */
		8F3F797A267922D4000B852F /* Frameworks */ = {
			isa = PBXFrameworksBuildPhase;
			buildActionMask = 2147483647;
			files = (
			);
			runOnlyForDeploymentPostprocessing = 0;
		};
/* End PBXFrameworksBuildPhase section */

/* Begin PBXGroup section */
		8F3F7974267922D4000B852F = {
			isa = PBXGroup;
			children = (
				8F3F797F267922D4000B852F /* AirPortG5 */,
				8F3F797E267922D4000B852F /* Products */,
			);
			sourceTree = "<group>";
		};
		8F3F797E267922D4000B852F /* Products */ = {
			isa = PBXGroup;
			children = (
				8F3F797D267922D4000B852F /* AirPortG5.app */,
			);
			name = Products;
			sourceTree = "<group>";
		};
		8F3F797F267922D4000B852F /* AirPortG5 */ = {
			isa = PBXGroup;
			children = (
				BA41D2552681CE87008526FE /* Core */,
				BA41D2542681CE74008526FE /* ViewControllers */,
				8F3F799B267924C3000B852F /* Model */,
				8F3F79A526792C7A000B852F /* DataManager.h */,
				8F3F79A626792C7A000B852F /* DataManager.m */,
				8F3F79AC26793DD8000B852F /* airports.json */,
				8F3F79AA26793DD8000B852F /* cities.json */,
				8F3F79AB26793DD8000B852F /* countries.json */,
				8F3F798C267922D8000B852F /* Assets.xcassets */,
				8F3F7991267922D8000B852F /* Info.plist */,
				8F3F7992267922D8000B852F /* main.m */,
			);
			path = AirPortG5;
			sourceTree = "<group>";
		};
		8F3F799B267924C3000B852F /* Model */ = {
			isa = PBXGroup;
			children = (
				8F3F799C26792514000B852F /* Country.h */,
				8F3F799D26792514000B852F /* Country.m */,
				8F3F799F267926DC000B852F /* City.h */,
				8F3F79A0267926DC000B852F /* City.m */,
				8F3F79A226792A9A000B852F /* Airport.h */,
				8F3F79A326792A9A000B852F /* Airport.m */,
			);
			path = Model;
			sourceTree = "<group>";
		};
		BA41D2542681CE74008526FE /* ViewControllers */ = {
			isa = PBXGroup;
			children = (
				8F3F7986267922D4000B852F /* MainViewController.h */,
				8F3F7987267922D4000B852F /* MainViewController.m */,
			);
			path = ViewControllers;
			sourceTree = "<group>";
		};
		BA41D2552681CE87008526FE /* Core */ = {
			isa = PBXGroup;
			children = (
				8F3F798E267922D8000B852F /* LaunchScreen.storyboard */,
				8F3F7980267922D4000B852F /* AppDelegate.h */,
				8F3F7981267922D4000B852F /* AppDelegate.m */,
				8F3F7983267922D4000B852F /* SceneDelegate.h */,
				8F3F7984267922D4000B852F /* SceneDelegate.m */,
			);
			path = Core;
			sourceTree = "<group>";
		};
/* End PBXGroup section */

/* Begin PBXNativeTarget section */
		8F3F797C267922D4000B852F /* AirPortG5 */ = {
			isa = PBXNativeTarget;
			buildConfigurationList = 8F3F7996267922D8000B852F /* Build configuration list for PBXNativeTarget "AirPortG5" */;
			buildPhases = (
				8F3F7979267922D4000B852F /* Sources */,
				8F3F797A267922D4000B852F /* Frameworks */,
				8F3F797B267922D4000B852F /* Resources */,
			);
			buildRules = (
			);
			dependencies = (
			);
			name = AirPortG5;
			productName = AirPortG5;
			productReference = 8F3F797D267922D4000B852F /* AirPortG5.app */;
			productType = "com.apple.product-type.application";
		};
/* End PBXNativeTarget section */

/* Begin PBXProject section */
		8F3F7975267922D4000B852F /* Project object */ = {
			isa = PBXProject;
			attributes = {
				LastUpgradeCheck = 1250;
				TargetAttributes = {
					8F3F797C267922D4000B852F = {
						CreatedOnToolsVersion = 12.5;
					};
				};
			};
			buildConfigurationList = 8F3F7978267922D4000B852F /* Build configuration list for PBXProject "AirPortG5" */;
			compatibilityVersion = "Xcode 9.3";
			developmentRegion = en;
			hasScannedForEncodings = 0;
			knownRegions = (
				en,
				Base,
			);
			mainGroup = 8F3F7974267922D4000B852F;
			productRefGroup = 8F3F797E267922D4000B852F /* Products */;
			projectDirPath = "";
			projectRoot = "";
			targets = (
				8F3F797C267922D4000B852F /* AirPortG5 */,
			);
		};
/* End PBXProject section */

/* Begin PBXResourcesBuildPhase section */
		8F3F797B267922D4000B852F /* Resources */ = {
			isa = PBXResourcesBuildPhase;
			buildActionMask = 2147483647;
			files = (
				8F3F79AD26793DD8000B852F /* cities.json in Resources */,
				8F3F7990267922D8000B852F /* LaunchScreen.storyboard in Resources */,
				8F3F79AE26793DD8000B852F /* countries.json in Resources */,
				8F3F798D267922D8000B852F /* Assets.xcassets in Resources */,
				8F3F79AF26793DD8000B852F /* airports.json in Resources */,
			);
			runOnlyForDeploymentPostprocessing = 0;
		};
/* End PBXResourcesBuildPhase section */

/* Begin PBXSourcesBuildPhase section */
		8F3F7979267922D4000B852F /* Sources */ = {
			isa = PBXSourcesBuildPhase;
			buildActionMask = 2147483647;
			files = (
				8F3F7988267922D4000B852F /* MainViewController.m in Sources */,
				8F3F7982267922D4000B852F /* AppDelegate.m in Sources */,
				8F3F79A426792A9A000B852F /* Airport.m in Sources */,
				8F3F79A1267926DC000B852F /* City.m in Sources */,
				8F3F7993267922D8000B852F /* main.m in Sources */,
				8F3F79A726792C7A000B852F /* DataManager.m in Sources */,
				8F3F7985267922D4000B852F /* SceneDelegate.m in Sources */,
				8F3F799E26792514000B852F /* Country.m in Sources */,
			);
			runOnlyForDeploymentPostprocessing = 0;
		};
/* End PBXSourcesBuildPhase section */

/* Begin PBXVariantGroup section */
		8F3F798E267922D8000B852F /* LaunchScreen.storyboard */ = {
			isa = PBXVariantGroup;
			children = (
				8F3F798F267922D8000B852F /* Base */,
			);
			name = LaunchScreen.storyboard;
			sourceTree = "<group>";
		};
/* End PBXVariantGroup section */

/* Begin XCBuildConfiguration section */
		8F3F7994267922D8000B852F /* Debug */ = {
			isa = XCBuildConfiguration;
			buildSettings = {
				ALWAYS_SEARCH_USER_PATHS = NO;
				CLANG_ANALYZER_NONNULL = YES;
				CLANG_ANALYZER_NUMBER_OBJECT_CONVERSION = YES_AGGRESSIVE;
				CLANG_CXX_LANGUAGE_STANDARD = "gnu++14";
				CLANG_CXX_LIBRARY = "libc++";
				CLANG_ENABLE_MODULES = YES;
				CLANG_ENABLE_OBJC_ARC = YES;
				CLANG_ENABLE_OBJC_WEAK = YES;
				CLANG_WARN_BLOCK_CAPTURE_AUTORELEASING = YES;
				CLANG_WARN_BOOL_CONVERSION = YES;
				CLANG_WARN_COMMA = YES;
				CLANG_WARN_CONSTANT_CONVERSION = YES;
				CLANG_WARN_DEPRECATED_OBJC_IMPLEMENTATIONS = YES;
				CLANG_WARN_DIRECT_OBJC_ISA_USAGE = YES_ERROR;
				CLANG_WARN_DOCUMENTATION_COMMENTS = YES;
				CLANG_WARN_EMPTY_BODY = YES;
				CLANG_WARN_ENUM_CONVERSION = YES;
				CLANG_WARN_INFINITE_RECURSION = YES;
				CLANG_WARN_INT_CONVERSION = YES;
				CLANG_WARN_NON_LITERAL_NULL_CONVERSION = YES;
				CLANG_WARN_OBJC_IMPLICIT_RETAIN_SELF = YES;
				CLANG_WARN_OBJC_LITERAL_CONVERSION = YES;
				CLANG_WARN_OBJC_ROOT_CLASS = YES_ERROR;
				CLANG_WARN_QUOTED_INCLUDE_IN_FRAMEWORK_HEADER = YES;
				CLANG_WARN_RANGE_LOOP_ANALYSIS = YES;
				CLANG_WARN_STRICT_PROTOTYPES = YES;
				CLANG_WARN_SUSPICIOUS_MOVE = YES;
				CLANG_WARN_UNGUARDED_AVAILABILITY = YES_AGGRESSIVE;
				CLANG_WARN_UNREACHABLE_CODE = YES;
				CLANG_WARN__DUPLICATE_METHOD_MATCH = YES;
				COPY_PHASE_STRIP = NO;
				DEBUG_INFORMATION_FORMAT = dwarf;
				ENABLE_STRICT_OBJC_MSGSEND = YES;
				ENABLE_TESTABILITY = YES;
				GCC_C_LANGUAGE_STANDARD = gnu11;
				GCC_DYNAMIC_NO_PIC = NO;
				GCC_NO_COMMON_BLOCKS = YES;
				GCC_OPTIMIZATION_LEVEL = 0;
				GCC_PREPROCESSOR_DEFINITIONS = (
					"DEBUG=1",
					"$(inherited)",
				);
				GCC_WARN_64_TO_32_BIT_CONVERSION = YES;
				GCC_WARN_ABOUT_RETURN_TYPE = YES_ERROR;
				GCC_WARN_UNDECLARED_SELECTOR = YES;
				GCC_WARN_UNINITIALIZED_AUTOS = YES_AGGRESSIVE;
				GCC_WARN_UNUSED_FUNCTION = YES;
				GCC_WARN_UNUSED_VARIABLE = YES;
				IPHONEOS_DEPLOYMENT_TARGET = 14.5;
				MTL_ENABLE_DEBUG_INFO = INCLUDE_SOURCE;
				MTL_FAST_MATH = YES;
				ONLY_ACTIVE_ARCH = YES;
				SDKROOT = iphoneos;
			};
			name = Debug;
		};
		8F3F7995267922D8000B852F /* Release */ = {
			isa = XCBuildConfiguration;
			buildSettings = {
				ALWAYS_SEARCH_USER_PATHS = NO;
				CLANG_ANALYZER_NONNULL = YES;
				CLANG_ANALYZER_NUMBER_OBJECT_CONVERSION = YES_AGGRESSIVE;
				CLANG_CXX_LANGUAGE_STANDARD = "gnu++14";
				CLANG_CXX_LIBRARY = "libc++";
				CLANG_ENABLE_MODULES = YES;
				CLANG_ENABLE_OBJC_ARC = YES;
				CLANG_ENABLE_OBJC_WEAK = YES;
				CLANG_WARN_BLOCK_CAPTURE_AUTORELEASING = YES;
				CLANG_WARN_BOOL_CONVERSION = YES;
				CLANG_WARN_COMMA = YES;
				CLANG_WARN_CONSTANT_CONVERSION = YES;
				CLANG_WARN_DEPRECATED_OBJC_IMPLEMENTATIONS = YES;
				CLANG_WARN_DIRECT_OBJC_ISA_USAGE = YES_ERROR;
				CLANG_WARN_DOCUMENTATION_COMMENTS = YES;
				CLANG_WARN_EMPTY_BODY = YES;
				CLANG_WARN_ENUM_CONVERSION = YES;
				CLANG_WARN_INFINITE_RECURSION = YES;
				CLANG_WARN_INT_CONVERSION = YES;
				CLANG_WARN_NON_LITERAL_NULL_CONVERSION = YES;
				CLANG_WARN_OBJC_IMPLICIT_RETAIN_SELF = YES;
				CLANG_WARN_OBJC_LITERAL_CONVERSION = YES;
				CLANG_WARN_OBJC_ROOT_CLASS = YES_ERROR;
				CLANG_WARN_QUOTED_INCLUDE_IN_FRAMEWORK_HEADER = YES;
				CLANG_WARN_RANGE_LOOP_ANALYSIS = YES;
				CLANG_WARN_STRICT_PROTOTYPES = YES;
				CLANG_WARN_SUSPICIOUS_MOVE = YES;
				CLANG_WARN_UNGUARDED_AVAILABILITY = YES_AGGRESSIVE;
				CLANG_WARN_UNREACHABLE_CODE = YES;
				CLANG_WARN__DUPLICATE_METHOD_MATCH = YES;
				COPY_PHASE_STRIP = NO;
				DEBUG_INFORMATION_FORMAT = "dwarf-with-dsym";
				ENABLE_NS_ASSERTIONS = NO;
				ENABLE_STRICT_OBJC_MSGSEND = YES;
				GCC_C_LANGUAGE_STANDARD = gnu11;
				GCC_NO_COMMON_BLOCKS = YES;
				GCC_WARN_64_TO_32_BIT_CONVERSION = YES;
				GCC_WARN_ABOUT_RETURN_TYPE = YES_ERROR;
				GCC_WARN_UNDECLARED_SELECTOR = YES;
				GCC_WARN_UNINITIALIZED_AUTOS = YES_AGGRESSIVE;
				GCC_WARN_UNUSED_FUNCTION = YES;
				GCC_WARN_UNUSED_VARIABLE = YES;
				IPHONEOS_DEPLOYMENT_TARGET = 14.5;
				MTL_ENABLE_DEBUG_INFO = NO;
				MTL_FAST_MATH = YES;
				SDKROOT = iphoneos;
				VALIDATE_PRODUCT = YES;
			};
			name = Release;
		};
		8F3F7997267922D8000B852F /* Debug */ = {
			isa = XCBuildConfiguration;
			buildSettings = {
				ASSETCATALOG_COMPILER_APPICON_NAME = AppIcon;
				ASSETCATALOG_COMPILER_GLOBAL_ACCENT_COLOR_NAME = AccentColor;
				CODE_SIGN_STYLE = Automatic;
				DEVELOPMENT_TEAM = F7VPDNN42Y;
				INFOPLIST_FILE = AirPortG5/Info.plist;
				LD_RUNPATH_SEARCH_PATHS = (
					"$(inherited)",
					"@executable_path/Frameworks",
				);
				PRODUCT_BUNDLE_IDENTIFIER = MoRSStudio.AirPortG5;
				PRODUCT_NAME = "$(TARGET_NAME)";
				TARGETED_DEVICE_FAMILY = "1,2";
			};
			name = Debug;
		};
		8F3F7998267922D8000B852F /* Release */ = {
			isa = XCBuildConfiguration;
			buildSettings = {
				ASSETCATALOG_COMPILER_APPICON_NAME = AppIcon;
				ASSETCATALOG_COMPILER_GLOBAL_ACCENT_COLOR_NAME = AccentColor;
				CODE_SIGN_STYLE = Automatic;
				DEVELOPMENT_TEAM = F7VPDNN42Y;
				INFOPLIST_FILE = AirPortG5/Info.plist;
				LD_RUNPATH_SEARCH_PATHS = (
					"$(inherited)",
					"@executable_path/Frameworks",
				);
				PRODUCT_BUNDLE_IDENTIFIER = MoRSStudio.AirPortG5;
				PRODUCT_NAME = "$(TARGET_NAME)";
				TARGETED_DEVICE_FAMILY = "1,2";
			};
			name = Release;
		};
/* End XCBuildConfiguration section */

/* Begin XCConfigurationList section */
		8F3F7978267922D4000B852F /* Build configuration list for PBXProject "AirPortG5" */ = {
			isa = XCConfigurationList;
			buildConfigurations = (
				8F3F7994267922D8000B852F /* Debug */,
				8F3F7995267922D8000B852F /* Release */,
			);
			defaultConfigurationIsVisible = 0;
			defaultConfigurationName = Release;
		};
		8F3F7996267922D8000B852F /* Build configuration list for PBXNativeTarget "AirPortG5" */ = {
			isa = XCConfigurationList;
			buildConfigurations = (
				8F3F7997267922D8000B852F /* Debug */,
				8F3F7998267922D8000B852F /* Release */,
			);
			defaultConfigurationIsVisible = 0;
			defaultConfigurationName = Release;
		};
/* End XCConfigurationList section */
	};
	rootObject = 8F3F7975267922D4000B852F /* Project object */;
}
