// !$*UTF8*$!
{
	archiveVersion = 1;
	classes = {
	};
	objectVersion = 51;
	objects = {

/* Begin PBXBuildFile section */
		7F850241EFE1E4457DFFB4FB /* Pods_AirPortG5.framework in Frameworks */ = {isa = PBXBuildFile; fileRef = 63C90AF2129BCF95EB76D785 /* Pods_AirPortG5.framework */; };
		8F3F7982267922D4000B852F /* AppDelegate.m in Sources */ = {isa = PBXBuildFile; fileRef = 8F3F7981267922D4000B852F /* AppDelegate.m */; };
		8F3F7988267922D4000B852F /* MainViewController.m in Sources */ = {isa = PBXBuildFile; fileRef = 8F3F7987267922D4000B852F /* MainViewController.m */; };
		8F3F798D267922D8000B852F /* Assets.xcassets in Resources */ = {isa = PBXBuildFile; fileRef = 8F3F798C267922D8000B852F /* Assets.xcassets */; };
		8F3F7990267922D8000B852F /* LaunchScreen.storyboard in Resources */ = {isa = PBXBuildFile; fileRef = 8F3F798E267922D8000B852F /* LaunchScreen.storyboard */; };
		8F3F799E26792514000B852F /* Country.m in Sources */ = {isa = PBXBuildFile; fileRef = 8F3F799D26792514000B852F /* Country.m */; };
		8F3F79A1267926DC000B852F /* City.m in Sources */ = {isa = PBXBuildFile; fileRef = 8F3F79A0267926DC000B852F /* City.m */; };
		8F3F79A426792A9A000B852F /* Airport.m in Sources */ = {isa = PBXBuildFile; fileRef = 8F3F79A326792A9A000B852F /* Airport.m */; };
		8F3F79A726792C7A000B852F /* DataManager.m in Sources */ = {isa = PBXBuildFile; fileRef = 8F3F79A626792C7A000B852F /* DataManager.m */; };
		8F3F79AD26793DD8000B852F /* cities.json in Resources */ = {isa = PBXBuildFile; fileRef = 8F3F79AA26793DD8000B852F /* cities.json */; };
		8F3F79AE26793DD8000B852F /* countries.json in Resources */ = {isa = PBXBuildFile; fileRef = 8F3F79AB26793DD8000B852F /* countries.json */; };
		8F3F79AF26793DD8000B852F /* airports.json in Resources */ = {isa = PBXBuildFile; fileRef = 8F3F79AC26793DD8000B852F /* airports.json */; };
		BA09C649268D001300215B98 /* MapViewController.m in Sources */ = {isa = PBXBuildFile; fileRef = BA09C648268D001300215B98 /* MapViewController.m */; };
		BA09C64C268D009700215B98 /* LocationService.m in Sources */ = {isa = PBXBuildFile; fileRef = BA09C64B268D009700215B98 /* LocationService.m */; };
		BA09C650268D028E00215B98 /* MapPrice.m in Sources */ = {isa = PBXBuildFile; fileRef = BA09C64F268D028E00215B98 /* MapPrice.m */; };
		BA09C652268D0D4000215B98 /* main.m in Sources */ = {isa = PBXBuildFile; fileRef = BA09C651268D0D4000215B98 /* main.m */; };
		BA09C654268DBA1A00215B98 /* Enums.m in Sources */ = {isa = PBXBuildFile; fileRef = BA09C653268DBA1A00215B98 /* Enums.m */; };
		BA09C657268DBBDB00215B98 /* Ticket.m in Sources */ = {isa = PBXBuildFile; fileRef = BA09C656268DBBDB00215B98 /* Ticket.m */; };
		BA82BAF82693993300212F9B /* TicketsDataModel.xcdatamodeld in Sources */ = {isa = PBXBuildFile; fileRef = BA82BAF62693993300212F9B /* TicketsDataModel.xcdatamodeld */; };
		BA82BB872694AB6700212F9B /* CoreDataHelper.m in Sources */ = {isa = PBXBuildFile; fileRef = BA82BB862694AB6700212F9B /* CoreDataHelper.m */; };
		BA82BB892694AC3900212F9B /* FavoriteTicket+CoreDataProperties.m in Sources */ = {isa = PBXBuildFile; fileRef = BA82BB882694AC3900212F9B /* FavoriteTicket+CoreDataProperties.m */; };
		BA82BB8D2694AC7F00212F9B /* FavoriteTicket+CoreDataClass.m in Sources */ = {isa = PBXBuildFile; fileRef = BA82BB8C2694AC7F00212F9B /* FavoriteTicket+CoreDataClass.m */; };
		BA98F6392685D10700ECA59F /* DestinationCell.m in Sources */ = {isa = PBXBuildFile; fileRef = BA98F6382685D10700ECA59F /* DestinationCell.m */; };
		BA98F63C2685D31C00ECA59F /* PlacesViewController.m in Sources */ = {isa = PBXBuildFile; fileRef = BA98F63B2685D31C00ECA59F /* PlacesViewController.m */; };
		BA98F687268A52F500ECA59F /* FeedCell.m in Sources */ = {isa = PBXBuildFile; fileRef = BA98F686268A52F500ECA59F /* FeedCell.m */; };
		BA98F68C268A54E000ECA59F /* FeedViewController.m in Sources */ = {isa = PBXBuildFile; fileRef = BA98F68B268A54E000ECA59F /* FeedViewController.m */; };
		BA98F691268A599D00ECA59F /* Feed.m in Sources */ = {isa = PBXBuildFile; fileRef = BA98F690268A599D00ECA59F /* Feed.m */; };
		BA98F696268A5D1300ECA59F /* FeedInfoViewController.m in Sources */ = {isa = PBXBuildFile; fileRef = BA98F695268A5D1300ECA59F /* FeedInfoViewController.m */; };
		BA98F699268A615600ECA59F /* NetworkManager.m in Sources */ = {isa = PBXBuildFile; fileRef = BA98F698268A615600ECA59F /* NetworkManager.m */; };
		BAAF664E26936EE10002AC7E /* PlaceCollectionCell.m in Sources */ = {isa = PBXBuildFile; fileRef = BAAF664D26936EE10002AC7E /* PlaceCollectionCell.m */; };
		BAAF66532693776E0002AC7E /* TabBarController.m in Sources */ = {isa = PBXBuildFile; fileRef = BAAF66522693776E0002AC7E /* TabBarController.m */; };
		BAEAD72E2693821E00160251 /* TicketCell.m in Sources */ = {isa = PBXBuildFile; fileRef = BAEAD72D2693821E00160251 /* TicketCell.m */; };
		BAEAD73226938DFB00160251 /* TicketsViewController.m in Sources */ = {isa = PBXBuildFile; fileRef = BAEAD73126938DFB00160251 /* TicketsViewController.m */; };
/* End PBXBuildFile section */

/* Begin PBXFileReference section */
		63C90AF2129BCF95EB76D785 /* Pods_AirPortG5.framework */ = {isa = PBXFileReference; explicitFileType = wrapper.framework; includeInIndex = 0; path = Pods_AirPortG5.framework; sourceTree = BUILT_PRODUCTS_DIR; };
		8F3F797D267922D4000B852F /* AirPortG5.app */ = {isa = PBXFileReference; explicitFileType = wrapper.application; includeInIndex = 0; path = AirPortG5.app; sourceTree = BUILT_PRODUCTS_DIR; };
		8F3F7980267922D4000B852F /* AppDelegate.h */ = {isa = PBXFileReference; lastKnownFileType = sourcecode.c.h; path = AppDelegate.h; sourceTree = "<group>"; };
		8F3F7981267922D4000B852F /* AppDelegate.m */ = {isa = PBXFileReference; lastKnownFileType = sourcecode.c.objc; path = AppDelegate.m; sourceTree = "<group>"; };
		8F3F7986267922D4000B852F /* MainViewController.h */ = {isa = PBXFileReference; lastKnownFileType = sourcecode.c.h; path = MainViewController.h; sourceTree = "<group>"; };
		8F3F7987267922D4000B852F /* MainViewController.m */ = {isa = PBXFileReference; lastKnownFileType = sourcecode.c.objc; path = MainViewController.m; sourceTree = "<group>"; };
		8F3F798C267922D8000B852F /* Assets.xcassets */ = {isa = PBXFileReference; lastKnownFileType = folder.assetcatalog; path = Assets.xcassets; sourceTree = "<group>"; };
		8F3F798F267922D8000B852F /* Base */ = {isa = PBXFileReference; lastKnownFileType = file.storyboard; name = Base; path = Base.lproj/LaunchScreen.storyboard; sourceTree = "<group>"; };
		8F3F7991267922D8000B852F /* Info.plist */ = {isa = PBXFileReference; lastKnownFileType = text.plist.xml; path = Info.plist; sourceTree = "<group>"; };
		8F3F799C26792514000B852F /* Country.h */ = {isa = PBXFileReference; lastKnownFileType = sourcecode.c.h; path = Country.h; sourceTree = "<group>"; };
		8F3F799D26792514000B852F /* Country.m */ = {isa = PBXFileReference; lastKnownFileType = sourcecode.c.objc; path = Country.m; sourceTree = "<group>"; };
		8F3F799F267926DC000B852F /* City.h */ = {isa = PBXFileReference; lastKnownFileType = sourcecode.c.h; path = City.h; sourceTree = "<group>"; };
		8F3F79A0267926DC000B852F /* City.m */ = {isa = PBXFileReference; lastKnownFileType = sourcecode.c.objc; path = City.m; sourceTree = "<group>"; };
		8F3F79A226792A9A000B852F /* Airport.h */ = {isa = PBXFileReference; lastKnownFileType = sourcecode.c.h; path = Airport.h; sourceTree = "<group>"; };
		8F3F79A326792A9A000B852F /* Airport.m */ = {isa = PBXFileReference; lastKnownFileType = sourcecode.c.objc; path = Airport.m; sourceTree = "<group>"; };
		8F3F79A526792C7A000B852F /* DataManager.h */ = {isa = PBXFileReference; lastKnownFileType = sourcecode.c.h; path = DataManager.h; sourceTree = "<group>"; };
		8F3F79A626792C7A000B852F /* DataManager.m */ = {isa = PBXFileReference; lastKnownFileType = sourcecode.c.objc; path = DataManager.m; sourceTree = "<group>"; };
		8F3F79AA26793DD8000B852F /* cities.json */ = {isa = PBXFileReference; fileEncoding = 4; lastKnownFileType = text.json; path = cities.json; sourceTree = "<group>"; };
		8F3F79AB26793DD8000B852F /* countries.json */ = {isa = PBXFileReference; fileEncoding = 4; lastKnownFileType = text.json; path = countries.json; sourceTree = "<group>"; };
		8F3F79AC26793DD8000B852F /* airports.json */ = {isa = PBXFileReference; fileEncoding = 4; lastKnownFileType = text.json; path = airports.json; sourceTree = "<group>"; };
		BA09C647268D001300215B98 /* MapViewController.h */ = {isa = PBXFileReference; lastKnownFileType = sourcecode.c.h; path = MapViewController.h; sourceTree = "<group>"; };
		BA09C648268D001300215B98 /* MapViewController.m */ = {isa = PBXFileReference; lastKnownFileType = sourcecode.c.objc; path = MapViewController.m; sourceTree = "<group>"; };
		BA09C64B268D009700215B98 /* LocationService.m */ = {isa = PBXFileReference; lastKnownFileType = sourcecode.c.objc; path = LocationService.m; sourceTree = "<group>"; };
		BA09C64D268D010400215B98 /* LocationService.h */ = {isa = PBXFileReference; lastKnownFileType = sourcecode.c.h; path = LocationService.h; sourceTree = "<group>"; };
		BA09C64E268D025D00215B98 /* MapPrice.h */ = {isa = PBXFileReference; lastKnownFileType = sourcecode.c.h; path = MapPrice.h; sourceTree = "<group>"; };
		BA09C64F268D028E00215B98 /* MapPrice.m */ = {isa = PBXFileReference; lastKnownFileType = sourcecode.c.objc; path = MapPrice.m; sourceTree = "<group>"; };
		BA09C651268D0D4000215B98 /* main.m */ = {isa = PBXFileReference; lastKnownFileType = sourcecode.c.objc; path = main.m; sourceTree = "<group>"; };
		BA09C653268DBA1A00215B98 /* Enums.m */ = {isa = PBXFileReference; lastKnownFileType = sourcecode.c.objc; path = Enums.m; sourceTree = "<group>"; };
		BA09C655268DBA7A00215B98 /* Enums.h */ = {isa = PBXFileReference; lastKnownFileType = sourcecode.c.h; path = Enums.h; sourceTree = "<group>"; };
		BA09C656268DBBDB00215B98 /* Ticket.m */ = {isa = PBXFileReference; lastKnownFileType = sourcecode.c.objc; path = Ticket.m; sourceTree = "<group>"; };
		BA09C658268DBBE500215B98 /* Ticket.h */ = {isa = PBXFileReference; lastKnownFileType = sourcecode.c.h; path = Ticket.h; sourceTree = "<group>"; };
		BA82BAF72693993300212F9B /* TicketsDataModel.xcdatamodel */ = {isa = PBXFileReference; lastKnownFileType = wrapper.xcdatamodel; path = TicketsDataModel.xcdatamodel; sourceTree = "<group>"; };
		BA82BB852694AB5900212F9B /* CoreDataHelper.h */ = {isa = PBXFileReference; lastKnownFileType = sourcecode.c.h; path = CoreDataHelper.h; sourceTree = "<group>"; };
		BA82BB862694AB6700212F9B /* CoreDataHelper.m */ = {isa = PBXFileReference; lastKnownFileType = sourcecode.c.objc; path = CoreDataHelper.m; sourceTree = "<group>"; };
		BA82BB882694AC3900212F9B /* FavoriteTicket+CoreDataProperties.m */ = {isa = PBXFileReference; lastKnownFileType = sourcecode.c.objc; path = "FavoriteTicket+CoreDataProperties.m"; sourceTree = "<group>"; };
		BA82BB8A2694AC4200212F9B /* FavoriteTicket+CoreDataProperties.h */ = {isa = PBXFileReference; lastKnownFileType = sourcecode.c.h; path = "FavoriteTicket+CoreDataProperties.h"; sourceTree = "<group>"; };
		BA82BB8B2694AC6D00212F9B /* FavoriteTicket+CoreDataClass.h */ = {isa = PBXFileReference; lastKnownFileType = sourcecode.c.h; path = "FavoriteTicket+CoreDataClass.h"; sourceTree = "<group>"; };
		BA82BB8C2694AC7F00212F9B /* FavoriteTicket+CoreDataClass.m */ = {isa = PBXFileReference; lastKnownFileType = sourcecode.c.objc; path = "FavoriteTicket+CoreDataClass.m"; sourceTree = "<group>"; };
		BA98F6372685D10700ECA59F /* DestinationCell.h */ = {isa = PBXFileReference; lastKnownFileType = sourcecode.c.h; path = DestinationCell.h; sourceTree = "<group>"; };
		BA98F6382685D10700ECA59F /* DestinationCell.m */ = {isa = PBXFileReference; lastKnownFileType = sourcecode.c.objc; path = DestinationCell.m; sourceTree = "<group>"; };
		BA98F63A2685D31C00ECA59F /* PlacesViewController.h */ = {isa = PBXFileReference; lastKnownFileType = sourcecode.c.h; path = PlacesViewController.h; sourceTree = "<group>"; };
		BA98F63B2685D31C00ECA59F /* PlacesViewController.m */ = {isa = PBXFileReference; lastKnownFileType = sourcecode.c.objc; path = PlacesViewController.m; sourceTree = "<group>"; };
		BA98F685268A52F500ECA59F /* FeedCell.h */ = {isa = PBXFileReference; lastKnownFileType = sourcecode.c.h; path = FeedCell.h; sourceTree = "<group>"; };
		BA98F686268A52F500ECA59F /* FeedCell.m */ = {isa = PBXFileReference; lastKnownFileType = sourcecode.c.objc; path = FeedCell.m; sourceTree = "<group>"; };
		BA98F68A268A54E000ECA59F /* FeedViewController.h */ = {isa = PBXFileReference; lastKnownFileType = sourcecode.c.h; path = FeedViewController.h; sourceTree = "<group>"; };
		BA98F68B268A54E000ECA59F /* FeedViewController.m */ = {isa = PBXFileReference; lastKnownFileType = sourcecode.c.objc; path = FeedViewController.m; sourceTree = "<group>"; };
		BA98F690268A599D00ECA59F /* Feed.m */ = {isa = PBXFileReference; lastKnownFileType = sourcecode.c.objc; path = Feed.m; sourceTree = "<group>"; };
		BA98F692268A59A500ECA59F /* Feed.h */ = {isa = PBXFileReference; lastKnownFileType = sourcecode.c.h; path = Feed.h; sourceTree = "<group>"; };
		BA98F694268A5D1300ECA59F /* FeedInfoViewController.h */ = {isa = PBXFileReference; lastKnownFileType = sourcecode.c.h; path = FeedInfoViewController.h; sourceTree = "<group>"; };
		BA98F695268A5D1300ECA59F /* FeedInfoViewController.m */ = {isa = PBXFileReference; lastKnownFileType = sourcecode.c.objc; path = FeedInfoViewController.m; sourceTree = "<group>"; };
		BA98F698268A615600ECA59F /* NetworkManager.m */ = {isa = PBXFileReference; lastKnownFileType = sourcecode.c.objc; path = NetworkManager.m; sourceTree = "<group>"; };
		BA98F69B268A616D00ECA59F /* NetworkManager.h */ = {isa = PBXFileReference; lastKnownFileType = sourcecode.c.h; path = NetworkManager.h; sourceTree = "<group>"; };
		BAAF664D26936EE10002AC7E /* PlaceCollectionCell.m */ = {isa = PBXFileReference; lastKnownFileType = sourcecode.c.objc; path = PlaceCollectionCell.m; sourceTree = "<group>"; };
		BAAF664F26936EED0002AC7E /* PlaceCollectionCell.h */ = {isa = PBXFileReference; lastKnownFileType = sourcecode.c.h; path = PlaceCollectionCell.h; sourceTree = "<group>"; };
		BAAF66512693776E0002AC7E /* TabBarController.h */ = {isa = PBXFileReference; lastKnownFileType = sourcecode.c.h; path = TabBarController.h; sourceTree = "<group>"; };
		BAAF66522693776E0002AC7E /* TabBarController.m */ = {isa = PBXFileReference; lastKnownFileType = sourcecode.c.objc; path = TabBarController.m; sourceTree = "<group>"; };
		BAEAD72C2693821E00160251 /* TicketCell.h */ = {isa = PBXFileReference; lastKnownFileType = sourcecode.c.h; path = TicketCell.h; sourceTree = "<group>"; };
		BAEAD72D2693821E00160251 /* TicketCell.m */ = {isa = PBXFileReference; lastKnownFileType = sourcecode.c.objc; path = TicketCell.m; sourceTree = "<group>"; };
		BAEAD73026938DFB00160251 /* TicketsViewController.h */ = {isa = PBXFileReference; lastKnownFileType = sourcecode.c.h; path = TicketsViewController.h; sourceTree = "<group>"; };
		BAEAD73126938DFB00160251 /* TicketsViewController.m */ = {isa = PBXFileReference; lastKnownFileType = sourcecode.c.objc; path = TicketsViewController.m; sourceTree = "<group>"; };
		C1E786BAF400ABCC715FC0ED /* Pods-AirPortG5.debug.xcconfig */ = {isa = PBXFileReference; includeInIndex = 1; lastKnownFileType = text.xcconfig; name = "Pods-AirPortG5.debug.xcconfig"; path = "Target Support Files/Pods-AirPortG5/Pods-AirPortG5.debug.xcconfig"; sourceTree = "<group>"; };
		FCFAF456E7706DA463A49998 /* Pods-AirPortG5.release.xcconfig */ = {isa = PBXFileReference; includeInIndex = 1; lastKnownFileType = text.xcconfig; name = "Pods-AirPortG5.release.xcconfig"; path = "Target Support Files/Pods-AirPortG5/Pods-AirPortG5.release.xcconfig"; sourceTree = "<group>"; };
/* End PBXFileReference section */

/* Begin PBXFrameworksBuildPhase section */
		8F3F797A267922D4000B852F /* Frameworks */ = {
			isa = PBXFrameworksBuildPhase;
			buildActionMask = 2147483647;
			files = (
				7F850241EFE1E4457DFFB4FB /* Pods_AirPortG5.framework in Frameworks */,
			);
			runOnlyForDeploymentPostprocessing = 0;
		};
/* End PBXFrameworksBuildPhase section */

/* Begin PBXGroup section */
		79EA1069737BA991F2BFC919 /* Frameworks */ = {
			isa = PBXGroup;
			children = (
				63C90AF2129BCF95EB76D785 /* Pods_AirPortG5.framework */,
			);
			name = Frameworks;
			sourceTree = "<group>";
		};
		8E701C864EED272D1675A7C1 /* Pods */ = {
			isa = PBXGroup;
			children = (
				C1E786BAF400ABCC715FC0ED /* Pods-AirPortG5.debug.xcconfig */,
				FCFAF456E7706DA463A49998 /* Pods-AirPortG5.release.xcconfig */,
			);
			path = Pods;
			sourceTree = "<group>";
		};
		8F3F7974267922D4000B852F = {
			isa = PBXGroup;
			children = (
				8F3F797F267922D4000B852F /* AirPortG5 */,
				8F3F797E267922D4000B852F /* Products */,
				8E701C864EED272D1675A7C1 /* Pods */,
				79EA1069737BA991F2BFC919 /* Frameworks */,
			);
			sourceTree = "<group>";
		};
		8F3F797E267922D4000B852F /* Products */ = {
			isa = PBXGroup;
			children = (
				8F3F797D267922D4000B852F /* AirPortG5.app */,
			);
			name = Products;
			sourceTree = "<group>";
		};
		8F3F797F267922D4000B852F /* AirPortG5 */ = {
			isa = PBXGroup;
			children = (
				BA82BB822694AB2300212F9B /* CoreData */,
				BAEAD7342693989000160251 /* jsons */,
				BAEAD7332693988600160251 /* DataManager */,
				BA09C64A268D006F00215B98 /* LocationService */,
				BA98F697268A605500ECA59F /* NetworkManager */,
				BA41D2552681CE87008526FE /* Core */,
				BA41D2542681CE74008526FE /* ViewControllers */,
				8F3F799B267924C3000B852F /* Model */,
				8F3F798C267922D8000B852F /* Assets.xcassets */,
				8F3F7991267922D8000B852F /* Info.plist */,
				BA09C651268D0D4000215B98 /* main.m */,
				BA82BAF62693993300212F9B /* TicketsDataModel.xcdatamodeld */,
			);
			path = AirPortG5;
			sourceTree = "<group>";
		};
		8F3F799B267924C3000B852F /* Model */ = {
			isa = PBXGroup;
			children = (
				8F3F799C26792514000B852F /* Country.h */,
				8F3F799D26792514000B852F /* Country.m */,
				8F3F799F267926DC000B852F /* City.h */,
				8F3F79A0267926DC000B852F /* City.m */,
				8F3F79A226792A9A000B852F /* Airport.h */,
				8F3F79A326792A9A000B852F /* Airport.m */,
				BA98F690268A599D00ECA59F /* Feed.m */,
				BA98F692268A59A500ECA59F /* Feed.h */,
				BA09C656268DBBDB00215B98 /* Ticket.m */,
				BA09C658268DBBE500215B98 /* Ticket.h */,
			);
			path = Model;
			sourceTree = "<group>";
		};
		BA09C646268CFFCD00215B98 /* MapViewController */ = {
			isa = PBXGroup;
			children = (
				BA09C647268D001300215B98 /* MapViewController.h */,
				BA09C648268D001300215B98 /* MapViewController.m */,
			);
			path = MapViewController;
			sourceTree = "<group>";
		};
		BA09C64A268D006F00215B98 /* LocationService */ = {
			isa = PBXGroup;
			children = (
				BA09C64B268D009700215B98 /* LocationService.m */,
				BA09C64D268D010400215B98 /* LocationService.h */,
				BA09C64E268D025D00215B98 /* MapPrice.h */,
				BA09C64F268D028E00215B98 /* MapPrice.m */,
			);
			path = LocationService;
			sourceTree = "<group>";
		};
		BA41D2542681CE74008526FE /* ViewControllers */ = {
			isa = PBXGroup;
			children = (
				BAEAD72F26938B5C00160251 /* TicketViewController */,
				BAAF6650269377380002AC7E /* TabBar */,
				BA09C646268CFFCD00215B98 /* MapViewController */,
				BA98F693268A5CF300ECA59F /* FeedInfoViewController */,
				BA98F689268A54BB00ECA59F /* FeedViewController */,
				BA98F6362685D0C800ECA59F /* Cells */,
				8F3F7986267922D4000B852F /* MainViewController.h */,
				8F3F7987267922D4000B852F /* MainViewController.m */,
				BA98F63A2685D31C00ECA59F /* PlacesViewController.h */,
				BA98F63B2685D31C00ECA59F /* PlacesViewController.m */,
			);
			path = ViewControllers;
			sourceTree = "<group>";
		};
		BA41D2552681CE87008526FE /* Core */ = {
			isa = PBXGroup;
			children = (
				8F3F798E267922D8000B852F /* LaunchScreen.storyboard */,
				8F3F7980267922D4000B852F /* AppDelegate.h */,
				8F3F7981267922D4000B852F /* AppDelegate.m */,
			);
			path = Core;
			sourceTree = "<group>";
		};
		BA82BB822694AB2300212F9B /* CoreData */ = {
			isa = PBXGroup;
			children = (
				BA82BB842694AB4200212F9B /* CoreDataEntities */,
				BA82BB832694AB3500212F9B /* CoreDataHelper */,
			);
			path = CoreData;
			sourceTree = "<group>";
		};
		BA82BB832694AB3500212F9B /* CoreDataHelper */ = {
			isa = PBXGroup;
			children = (
				BA82BB852694AB5900212F9B /* CoreDataHelper.h */,
				BA82BB862694AB6700212F9B /* CoreDataHelper.m */,
			);
			path = CoreDataHelper;
			sourceTree = "<group>";
		};
		BA82BB842694AB4200212F9B /* CoreDataEntities */ = {
			isa = PBXGroup;
			children = (
				BA82BB882694AC3900212F9B /* FavoriteTicket+CoreDataProperties.m */,
				BA82BB8A2694AC4200212F9B /* FavoriteTicket+CoreDataProperties.h */,
				BA82BB8B2694AC6D00212F9B /* FavoriteTicket+CoreDataClass.h */,
				BA82BB8C2694AC7F00212F9B /* FavoriteTicket+CoreDataClass.m */,
			);
			path = CoreDataEntities;
			sourceTree = "<group>";
		};
		BA98F6362685D0C800ECA59F /* Cells */ = {
			isa = PBXGroup;
			children = (
				BAEAD72B269381F500160251 /* Tickets */,
				BAAF664C2693681F0002AC7E /* Place */,
				BA98F688268A54A900ECA59F /* Destination */,
				BA98F684268A52D100ECA59F /* FeedCell */,
			);
			path = Cells;
			sourceTree = "<group>";
		};
		BA98F684268A52D100ECA59F /* FeedCell */ = {
			isa = PBXGroup;
			children = (
				BA98F685268A52F500ECA59F /* FeedCell.h */,
				BA98F686268A52F500ECA59F /* FeedCell.m */,
			);
			path = FeedCell;
			sourceTree = "<group>";
		};
		BA98F688268A54A900ECA59F /* Destination */ = {
			isa = PBXGroup;
			children = (
				BA98F6372685D10700ECA59F /* DestinationCell.h */,
				BA98F6382685D10700ECA59F /* DestinationCell.m */,
			);
			path = Destination;
			sourceTree = "<group>";
		};
		BA98F689268A54BB00ECA59F /* FeedViewController */ = {
			isa = PBXGroup;
			children = (
				BA98F68A268A54E000ECA59F /* FeedViewController.h */,
				BA98F68B268A54E000ECA59F /* FeedViewController.m */,
			);
			path = FeedViewController;
			sourceTree = "<group>";
		};
		BA98F693268A5CF300ECA59F /* FeedInfoViewController */ = {
			isa = PBXGroup;
			children = (
				BA98F694268A5D1300ECA59F /* FeedInfoViewController.h */,
				BA98F695268A5D1300ECA59F /* FeedInfoViewController.m */,
			);
			path = FeedInfoViewController;
			sourceTree = "<group>";
		};
		BA98F697268A605500ECA59F /* NetworkManager */ = {
			isa = PBXGroup;
			children = (
				BA98F698268A615600ECA59F /* NetworkManager.m */,
				BA98F69B268A616D00ECA59F /* NetworkManager.h */,
				BA09C653268DBA1A00215B98 /* Enums.m */,
				BA09C655268DBA7A00215B98 /* Enums.h */,
			);
			path = NetworkManager;
			sourceTree = "<group>";
		};
		BAAF664C2693681F0002AC7E /* Place */ = {
			isa = PBXGroup;
			children = (
				BAAF664D26936EE10002AC7E /* PlaceCollectionCell.m */,
				BAAF664F26936EED0002AC7E /* PlaceCollectionCell.h */,
			);
			path = Place;
			sourceTree = "<group>";
		};
		BAAF6650269377380002AC7E /* TabBar */ = {
			isa = PBXGroup;
			children = (
				BAAF66512693776E0002AC7E /* TabBarController.h */,
				BAAF66522693776E0002AC7E /* TabBarController.m */,
			);
			path = TabBar;
			sourceTree = "<group>";
		};
		BAEAD72B269381F500160251 /* Tickets */ = {
			isa = PBXGroup;
			children = (
				BAEAD72C2693821E00160251 /* TicketCell.h */,
				BAEAD72D2693821E00160251 /* TicketCell.m */,
			);
			path = Tickets;
			sourceTree = "<group>";
		};
		BAEAD72F26938B5C00160251 /* TicketViewController */ = {
			isa = PBXGroup;
			children = (
				BAEAD73026938DFB00160251 /* TicketsViewController.h */,
				BAEAD73126938DFB00160251 /* TicketsViewController.m */,
			);
			path = TicketViewController;
			sourceTree = "<group>";
		};
		BAEAD7332693988600160251 /* DataManager */ = {
			isa = PBXGroup;
			children = (
				8F3F79A526792C7A000B852F /* DataManager.h */,
				8F3F79A626792C7A000B852F /* DataManager.m */,
			);
			path = DataManager;
			sourceTree = "<group>";
		};
		BAEAD7342693989000160251 /* jsons */ = {
			isa = PBXGroup;
			children = (
				8F3F79AC26793DD8000B852F /* airports.json */,
				8F3F79AA26793DD8000B852F /* cities.json */,
				8F3F79AB26793DD8000B852F /* countries.json */,
			);
			path = jsons;
			sourceTree = "<group>";
		};
/* End PBXGroup section */

/* Begin PBXNativeTarget section */
		8F3F797C267922D4000B852F /* AirPortG5 */ = {
			isa = PBXNativeTarget;
			buildConfigurationList = 8F3F7996267922D8000B852F /* Build configuration list for PBXNativeTarget "AirPortG5" */;
			buildPhases = (
				B53EDA3663924D30D52A8F03 /* [CP] Check Pods Manifest.lock */,
				8F3F7979267922D4000B852F /* Sources */,
				8F3F797A267922D4000B852F /* Frameworks */,
				8F3F797B267922D4000B852F /* Resources */,
				A37AFD70C36BB1116BE2119E /* [CP] Embed Pods Frameworks */,
			);
			buildRules = (
			);
			dependencies = (
			);
			name = AirPortG5;
			productName = AirPortG5;
			productReference = 8F3F797D267922D4000B852F /* AirPortG5.app */;
			productType = "com.apple.product-type.application";
		};
/* End PBXNativeTarget section */

/* Begin PBXProject section */
		8F3F7975267922D4000B852F /* Project object */ = {
			isa = PBXProject;
			attributes = {
				LastUpgradeCheck = 1250;
				TargetAttributes = {
					8F3F797C267922D4000B852F = {
						CreatedOnToolsVersion = 12.5;
						LastSwiftMigration = 1250;
					};
				};
			};
			buildConfigurationList = 8F3F7978267922D4000B852F /* Build configuration list for PBXProject "AirPortG5" */;
			compatibilityVersion = "Xcode 9.3";
			developmentRegion = en;
			hasScannedForEncodings = 0;
			knownRegions = (
				en,
				Base,
			);
			mainGroup = 8F3F7974267922D4000B852F;
			productRefGroup = 8F3F797E267922D4000B852F /* Products */;
			projectDirPath = "";
			projectRoot = "";
			targets = (
				8F3F797C267922D4000B852F /* AirPortG5 */,
			);
		};
/* End PBXProject section */

/* Begin PBXResourcesBuildPhase section */
		8F3F797B267922D4000B852F /* Resources */ = {
			isa = PBXResourcesBuildPhase;
			buildActionMask = 2147483647;
			files = (
				8F3F79AD26793DD8000B852F /* cities.json in Resources */,
				8F3F7990267922D8000B852F /* LaunchScreen.storyboard in Resources */,
				8F3F79AE26793DD8000B852F /* countries.json in Resources */,
				8F3F798D267922D8000B852F /* Assets.xcassets in Resources */,
				8F3F79AF26793DD8000B852F /* airports.json in Resources */,
			);
			runOnlyForDeploymentPostprocessing = 0;
		};
/* End PBXResourcesBuildPhase section */

/* Begin PBXShellScriptBuildPhase section */
		A37AFD70C36BB1116BE2119E /* [CP] Embed Pods Frameworks */ = {
			isa = PBXShellScriptBuildPhase;
			buildActionMask = 2147483647;
			files = (
			);
			inputFileListPaths = (
				"${PODS_ROOT}/Target Support Files/Pods-AirPortG5/Pods-AirPortG5-frameworks-${CONFIGURATION}-input-files.xcfilelist",
			);
			name = "[CP] Embed Pods Frameworks";
			outputFileListPaths = (
				"${PODS_ROOT}/Target Support Files/Pods-AirPortG5/Pods-AirPortG5-frameworks-${CONFIGURATION}-output-files.xcfilelist",
			);
			runOnlyForDeploymentPostprocessing = 0;
			shellPath = /bin/sh;
			shellScript = "\"${PODS_ROOT}/Target Support Files/Pods-AirPortG5/Pods-AirPortG5-frameworks.sh\"\n";
			showEnvVarsInLog = 0;
		};
		B53EDA3663924D30D52A8F03 /* [CP] Check Pods Manifest.lock */ = {
			isa = PBXShellScriptBuildPhase;
			buildActionMask = 2147483647;
			files = (
			);
			inputFileListPaths = (
			);
			inputPaths = (
				"${PODS_PODFILE_DIR_PATH}/Podfile.lock",
				"${PODS_ROOT}/Manifest.lock",
			);
			name = "[CP] Check Pods Manifest.lock";
			outputFileListPaths = (
			);
			outputPaths = (
				"$(DERIVED_FILE_DIR)/Pods-AirPortG5-checkManifestLockResult.txt",
			);
			runOnlyForDeploymentPostprocessing = 0;
			shellPath = /bin/sh;
			shellScript = "diff \"${PODS_PODFILE_DIR_PATH}/Podfile.lock\" \"${PODS_ROOT}/Manifest.lock\" > /dev/null\nif [ $? != 0 ] ; then\n    # print error to STDERR\n    echo \"error: The sandbox is not in sync with the Podfile.lock. Run 'pod install' or update your CocoaPods installation.\" >&2\n    exit 1\nfi\n# This output is used by Xcode 'outputs' to avoid re-running this script phase.\necho \"SUCCESS\" > \"${SCRIPT_OUTPUT_FILE_0}\"\n";
			showEnvVarsInLog = 0;
		};
/* End PBXShellScriptBuildPhase section */

/* Begin PBXSourcesBuildPhase section */
		8F3F7979267922D4000B852F /* Sources */ = {
			isa = PBXSourcesBuildPhase;
			buildActionMask = 2147483647;
			files = (
				BAAF66532693776E0002AC7E /* TabBarController.m in Sources */,
				BA98F691268A599D00ECA59F /* Feed.m in Sources */,
				BAAF664E26936EE10002AC7E /* PlaceCollectionCell.m in Sources */,
				BA09C64C268D009700215B98 /* LocationService.m in Sources */,
				8F3F7988267922D4000B852F /* MainViewController.m in Sources */,
				8F3F7982267922D4000B852F /* AppDelegate.m in Sources */,
				BA98F6392685D10700ECA59F /* DestinationCell.m in Sources */,
				BA98F696268A5D1300ECA59F /* FeedInfoViewController.m in Sources */,
				BA98F687268A52F500ECA59F /* FeedCell.m in Sources */,
				BA82BB892694AC3900212F9B /* FavoriteTicket+CoreDataProperties.m in Sources */,
				8F3F79A426792A9A000B852F /* Airport.m in Sources */,
				BA98F63C2685D31C00ECA59F /* PlacesViewController.m in Sources */,
				BAEAD72E2693821E00160251 /* TicketCell.m in Sources */,
				8F3F79A1267926DC000B852F /* City.m in Sources */,
				8F3F79A726792C7A000B852F /* DataManager.m in Sources */,
				BA82BB8D2694AC7F00212F9B /* FavoriteTicket+CoreDataClass.m in Sources */,
				BA09C650268D028E00215B98 /* MapPrice.m in Sources */,
				BA82BAF82693993300212F9B /* TicketsDataModel.xcdatamodeld in Sources */,
				BA09C654268DBA1A00215B98 /* Enums.m in Sources */,
				BA09C652268D0D4000215B98 /* main.m in Sources */,
				BA82BB872694AB6700212F9B /* CoreDataHelper.m in Sources */,
				BA09C657268DBBDB00215B98 /* Ticket.m in Sources */,
				BA09C649268D001300215B98 /* MapViewController.m in Sources */,
				BA98F68C268A54E000ECA59F /* FeedViewController.m in Sources */,
				BAEAD73226938DFB00160251 /* TicketsViewController.m in Sources */,
				BA98F699268A615600ECA59F /* NetworkManager.m in Sources */,
				8F3F799E26792514000B852F /* Country.m in Sources */,
			);
			runOnlyForDeploymentPostprocessing = 0;
		};
/* End PBXSourcesBuildPhase section */

/* Begin PBXVariantGroup section */
		8F3F798E267922D8000B852F /* LaunchScreen.storyboard */ = {
			isa = PBXVariantGroup;
			children = (
				8F3F798F267922D8000B852F /* Base */,
			);
			name = LaunchScreen.storyboard;
			sourceTree = "<group>";
		};
/* End PBXVariantGroup section */

/* Begin XCBuildConfiguration section */
		8F3F7994267922D8000B852F /* Debug */ = {
			isa = XCBuildConfiguration;
			buildSettings = {
				ALWAYS_SEARCH_USER_PATHS = NO;
				CLANG_ANALYZER_NONNULL = YES;
				CLANG_ANALYZER_NUMBER_OBJECT_CONVERSION = YES_AGGRESSIVE;
				CLANG_CXX_LANGUAGE_STANDARD = "gnu++14";
				CLANG_CXX_LIBRARY = "libc++";
				CLANG_ENABLE_MODULES = YES;
				CLANG_ENABLE_OBJC_ARC = YES;
				CLANG_ENABLE_OBJC_WEAK = YES;
				CLANG_WARN_BLOCK_CAPTURE_AUTORELEASING = YES;
				CLANG_WARN_BOOL_CONVERSION = YES;
				CLANG_WARN_COMMA = YES;
				CLANG_WARN_CONSTANT_CONVERSION = YES;
				CLANG_WARN_DEPRECATED_OBJC_IMPLEMENTATIONS = YES;
				CLANG_WARN_DIRECT_OBJC_ISA_USAGE = YES_ERROR;
				CLANG_WARN_DOCUMENTATION_COMMENTS = YES;
				CLANG_WARN_EMPTY_BODY = YES;
				CLANG_WARN_ENUM_CONVERSION = YES;
				CLANG_WARN_INFINITE_RECURSION = YES;
				CLANG_WARN_INT_CONVERSION = YES;
				CLANG_WARN_NON_LITERAL_NULL_CONVERSION = YES;
				CLANG_WARN_OBJC_IMPLICIT_RETAIN_SELF = YES;
				CLANG_WARN_OBJC_LITERAL_CONVERSION = YES;
				CLANG_WARN_OBJC_ROOT_CLASS = YES_ERROR;
				CLANG_WARN_QUOTED_INCLUDE_IN_FRAMEWORK_HEADER = YES;
				CLANG_WARN_RANGE_LOOP_ANALYSIS = YES;
				CLANG_WARN_STRICT_PROTOTYPES = YES;
				CLANG_WARN_SUSPICIOUS_MOVE = YES;
				CLANG_WARN_UNGUARDED_AVAILABILITY = YES_AGGRESSIVE;
				CLANG_WARN_UNREACHABLE_CODE = YES;
				CLANG_WARN__DUPLICATE_METHOD_MATCH = YES;
				COPY_PHASE_STRIP = NO;
				DEBUG_INFORMATION_FORMAT = dwarf;
				ENABLE_STRICT_OBJC_MSGSEND = YES;
				ENABLE_TESTABILITY = YES;
				GCC_C_LANGUAGE_STANDARD = gnu11;
				GCC_DYNAMIC_NO_PIC = NO;
				GCC_NO_COMMON_BLOCKS = YES;
				GCC_OPTIMIZATION_LEVEL = 0;
				GCC_PREPROCESSOR_DEFINITIONS = (
					"DEBUG=1",
					"$(inherited)",
				);
				GCC_WARN_64_TO_32_BIT_CONVERSION = YES;
				GCC_WARN_ABOUT_RETURN_TYPE = YES_ERROR;
				GCC_WARN_UNDECLARED_SELECTOR = YES;
				GCC_WARN_UNINITIALIZED_AUTOS = YES_AGGRESSIVE;
				GCC_WARN_UNUSED_FUNCTION = YES;
				GCC_WARN_UNUSED_VARIABLE = YES;
				IPHONEOS_DEPLOYMENT_TARGET = 14.5;
				MTL_ENABLE_DEBUG_INFO = INCLUDE_SOURCE;
				MTL_FAST_MATH = YES;
				ONLY_ACTIVE_ARCH = YES;
				SDKROOT = iphoneos;
			};
			name = Debug;
		};
		8F3F7995267922D8000B852F /* Release */ = {
			isa = XCBuildConfiguration;
			buildSettings = {
				ALWAYS_SEARCH_USER_PATHS = NO;
				CLANG_ANALYZER_NONNULL = YES;
				CLANG_ANALYZER_NUMBER_OBJECT_CONVERSION = YES_AGGRESSIVE;
				CLANG_CXX_LANGUAGE_STANDARD = "gnu++14";
				CLANG_CXX_LIBRARY = "libc++";
				CLANG_ENABLE_MODULES = YES;
				CLANG_ENABLE_OBJC_ARC = YES;
				CLANG_ENABLE_OBJC_WEAK = YES;
				CLANG_WARN_BLOCK_CAPTURE_AUTORELEASING = YES;
				CLANG_WARN_BOOL_CONVERSION = YES;
				CLANG_WARN_COMMA = YES;
				CLANG_WARN_CONSTANT_CONVERSION = YES;
				CLANG_WARN_DEPRECATED_OBJC_IMPLEMENTATIONS = YES;
				CLANG_WARN_DIRECT_OBJC_ISA_USAGE = YES_ERROR;
				CLANG_WARN_DOCUMENTATION_COMMENTS = YES;
				CLANG_WARN_EMPTY_BODY = YES;
				CLANG_WARN_ENUM_CONVERSION = YES;
				CLANG_WARN_INFINITE_RECURSION = YES;
				CLANG_WARN_INT_CONVERSION = YES;
				CLANG_WARN_NON_LITERAL_NULL_CONVERSION = YES;
				CLANG_WARN_OBJC_IMPLICIT_RETAIN_SELF = YES;
				CLANG_WARN_OBJC_LITERAL_CONVERSION = YES;
				CLANG_WARN_OBJC_ROOT_CLASS = YES_ERROR;
				CLANG_WARN_QUOTED_INCLUDE_IN_FRAMEWORK_HEADER = YES;
				CLANG_WARN_RANGE_LOOP_ANALYSIS = YES;
				CLANG_WARN_STRICT_PROTOTYPES = YES;
				CLANG_WARN_SUSPICIOUS_MOVE = YES;
				CLANG_WARN_UNGUARDED_AVAILABILITY = YES_AGGRESSIVE;
				CLANG_WARN_UNREACHABLE_CODE = YES;
				CLANG_WARN__DUPLICATE_METHOD_MATCH = YES;
				COPY_PHASE_STRIP = NO;
				DEBUG_INFORMATION_FORMAT = "dwarf-with-dsym";
				ENABLE_NS_ASSERTIONS = NO;
				ENABLE_STRICT_OBJC_MSGSEND = YES;
				GCC_C_LANGUAGE_STANDARD = gnu11;
				GCC_NO_COMMON_BLOCKS = YES;
				GCC_WARN_64_TO_32_BIT_CONVERSION = YES;
				GCC_WARN_ABOUT_RETURN_TYPE = YES_ERROR;
				GCC_WARN_UNDECLARED_SELECTOR = YES;
				GCC_WARN_UNINITIALIZED_AUTOS = YES_AGGRESSIVE;
				GCC_WARN_UNUSED_FUNCTION = YES;
				GCC_WARN_UNUSED_VARIABLE = YES;
				IPHONEOS_DEPLOYMENT_TARGET = 14.5;
				MTL_ENABLE_DEBUG_INFO = NO;
				MTL_FAST_MATH = YES;
				SDKROOT = iphoneos;
				VALIDATE_PRODUCT = YES;
			};
			name = Release;
		};
		8F3F7997267922D8000B852F /* Debug */ = {
			isa = XCBuildConfiguration;
			baseConfigurationReference = C1E786BAF400ABCC715FC0ED /* Pods-AirPortG5.debug.xcconfig */;
			buildSettings = {
				ASSETCATALOG_COMPILER_APPICON_NAME = AppIcon;
				ASSETCATALOG_COMPILER_GLOBAL_ACCENT_COLOR_NAME = AccentColor;
				CLANG_ENABLE_MODULES = YES;
				CODE_SIGN_STYLE = Automatic;
				DEVELOPMENT_TEAM = KB66U8JA8X;
				INFOPLIST_FILE = AirPortG5/Info.plist;
				LD_RUNPATH_SEARCH_PATHS = (
					"$(inherited)",
					"@executable_path/Frameworks",
				);
				PRODUCT_BUNDLE_IDENTIFIER = MoRSStudio.AirPortG5;
				PRODUCT_NAME = "$(TARGET_NAME)";
				SWIFT_OBJC_BRIDGING_HEADER = "AirPortG5/Model/AirPortG5-Bridging-Header.h";
				SWIFT_OPTIMIZATION_LEVEL = "-Onone";
				SWIFT_VERSION = 5.0;
				TARGETED_DEVICE_FAMILY = "1,2";
			};
			name = Debug;
		};
		8F3F7998267922D8000B852F /* Release */ = {
			isa = XCBuildConfiguration;
			baseConfigurationReference = FCFAF456E7706DA463A49998 /* Pods-AirPortG5.release.xcconfig */;
			buildSettings = {
				ASSETCATALOG_COMPILER_APPICON_NAME = AppIcon;
				ASSETCATALOG_COMPILER_GLOBAL_ACCENT_COLOR_NAME = AccentColor;
				CLANG_ENABLE_MODULES = YES;
				CODE_SIGN_STYLE = Automatic;
				DEVELOPMENT_TEAM = KB66U8JA8X;
				INFOPLIST_FILE = AirPortG5/Info.plist;
				LD_RUNPATH_SEARCH_PATHS = (
					"$(inherited)",
					"@executable_path/Frameworks",
				);
				PRODUCT_BUNDLE_IDENTIFIER = MoRSStudio.AirPortG5;
				PRODUCT_NAME = "$(TARGET_NAME)";
				SWIFT_OBJC_BRIDGING_HEADER = "AirPortG5/Model/AirPortG5-Bridging-Header.h";
				SWIFT_VERSION = 5.0;
				TARGETED_DEVICE_FAMILY = "1,2";
			};
			name = Release;
		};
/* End XCBuildConfiguration section */

/* Begin XCConfigurationList section */
		8F3F7978267922D4000B852F /* Build configuration list for PBXProject "AirPortG5" */ = {
			isa = XCConfigurationList;
			buildConfigurations = (
				8F3F7994267922D8000B852F /* Debug */,
				8F3F7995267922D8000B852F /* Release */,
			);
			defaultConfigurationIsVisible = 0;
			defaultConfigurationName = Release;
		};
		8F3F7996267922D8000B852F /* Build configuration list for PBXNativeTarget "AirPortG5" */ = {
			isa = XCConfigurationList;
			buildConfigurations = (
				8F3F7997267922D8000B852F /* Debug */,
				8F3F7998267922D8000B852F /* Release */,
			);
			defaultConfigurationIsVisible = 0;
			defaultConfigurationName = Release;
		};
/* End XCConfigurationList section */

/* Begin XCVersionGroup section */
		BA82BAF62693993300212F9B /* TicketsDataModel.xcdatamodeld */ = {
			isa = XCVersionGroup;
			children = (
				BA82BAF72693993300212F9B /* TicketsDataModel.xcdatamodel */,
			);
			currentVersion = BA82BAF72693993300212F9B /* TicketsDataModel.xcdatamodel */;
			path = TicketsDataModel.xcdatamodeld;
			sourceTree = "<group>";
			versionGroupType = wrapper.xcdatamodel;
		};
/* End XCVersionGroup section */
	};
	rootObject = 8F3F7975267922D4000B852F /* Project object */;
}
